
Microsoft Visual Studio Solution File, Format Version 12.00
# Visual Studio 15
VisualStudioVersion = 15.0.27703.2000
MinimumVisualStudioVersion = 10.0.40219.1
Project("{8BC9CEB8-8B4A-11D0-8D11-00A0C91BC942}") = "_MicroContrast", "_MicroContrast.vcxproj", "{B0B236D3-0912-4329-88D5-44E91AF963BB}"
EndProject
Global
	GlobalSection(SolutionConfigurationPlatforms) = preSolution
		Debug|x64 = Debug|x64
		Release|x64 = Release|x64
	EndGlobalSection
	GlobalSection(ProjectConfigurationPlatforms) = postSolution
		{B0B236D3-0912-4329-88D5-44E91AF963BB}.Debug|x64.ActiveCfg = Debug|x64
		{B0B236D3-0912-4329-88D5-44E91AF963BB}.Debug|x64.Build.0 = Debug|x64
		{B0B236D3-0912-4329-88D5-44E91AF963BB}.Release|x64.ActiveCfg = Release|x64
		{B0B236D3-0912-4329-88D5-44E91AF963BB}.Release|x64.Build.0 = Release|x64
	EndGlobalSection
	GlobalSection(SolutionProperties) = preSolution
		HideSolutionNode = FALSE
	EndGlobalSection
	GlobalSection(ExtensibilityGlobals) = postSolution
		SolutionGuid = {663C518E-8020-42A9-BC1F-A1F14FABEB66}
	EndGlobalSection
EndGlobal
